// !$*UTF8*$!
{
	archiveVersion = 1;
	classes = {
	};
	objectVersion = 70;
	objects = {

/* Begin PBXContainerItemProxy section */
		CC1896152C6809A7005D0E94 /* PBXContainerItemProxy */ = {
			isa = PBXContainerItemProxy;
			containerPortal = CC1895F92C6809A6005D0E94 /* Project object */;
			proxyType = 1;
			remoteGlobalIDString = CC1896002C6809A6005D0E94;
			remoteInfo = WarframeInfoHub;
		};
		CC18961F2C6809A7005D0E94 /* PBXContainerItemProxy */ = {
			isa = PBXContainerItemProxy;
			containerPortal = CC1895F92C6809A6005D0E94 /* Project object */;
			proxyType = 1;
			remoteGlobalIDString = CC1896002C6809A6005D0E94;
			remoteInfo = WarframeInfoHub;
		};
/* End PBXContainerItemProxy section */

/* Begin PBXFileReference section */
		CC1896012C6809A6005D0E94 /* WarframeInfoHub.app */ = {isa = PBXFileReference; explicitFileType = wrapper.application; includeInIndex = 0; path = WarframeInfoHub.app; sourceTree = BUILT_PRODUCTS_DIR; };
		CC1896142C6809A7005D0E94 /* WarframeInfoHubTests.xctest */ = {isa = PBXFileReference; explicitFileType = wrapper.cfbundle; includeInIndex = 0; path = WarframeInfoHubTests.xctest; sourceTree = BUILT_PRODUCTS_DIR; };
		CC18961E2C6809A7005D0E94 /* WarframeInfoHubUITests.xctest */ = {isa = PBXFileReference; explicitFileType = wrapper.cfbundle; includeInIndex = 0; path = WarframeInfoHubUITests.xctest; sourceTree = BUILT_PRODUCTS_DIR; };
/* End PBXFileReference section */

/* Begin PBXFileSystemSynchronizedRootGroup section */
		CC1896032C6809A6005D0E94 /* WarframeInfoHub */ = {isa = PBXFileSystemSynchronizedRootGroup; explicitFileTypes = {}; explicitFolders = (); path = WarframeInfoHub; sourceTree = "<group>"; };
		CC1896172C6809A7005D0E94 /* WarframeInfoHubTests */ = {isa = PBXFileSystemSynchronizedRootGroup; explicitFileTypes = {}; explicitFolders = (); path = WarframeInfoHubTests; sourceTree = "<group>"; };
		CC1896212C6809A7005D0E94 /* WarframeInfoHubUITests */ = {isa = PBXFileSystemSynchronizedRootGroup; explicitFileTypes = {}; explicitFolders = (); path = WarframeInfoHubUITests; sourceTree = "<group>"; };
/* End PBXFileSystemSynchronizedRootGroup section */

/* Begin PBXFrameworksBuildPhase section */
		CC1895FE2C6809A6005D0E94 /* Frameworks */ = {
			isa = PBXFrameworksBuildPhase;
			buildActionMask = 2147483647;
			files = (
			);
			runOnlyForDeploymentPostprocessing = 0;
		};
		CC1896112C6809A7005D0E94 /* Frameworks */ = {
			isa = PBXFrameworksBuildPhase;
			buildActionMask = 2147483647;
			files = (
			);
			runOnlyForDeploymentPostprocessing = 0;
		};
		CC18961B2C6809A7005D0E94 /* Frameworks */ = {
			isa = PBXFrameworksBuildPhase;
			buildActionMask = 2147483647;
			files = (
			);
			runOnlyForDeploymentPostprocessing = 0;
		};
/* End PBXFrameworksBuildPhase section */

/* Begin PBXGroup section */
		CC1895F82C6809A6005D0E94 = {
			isa = PBXGroup;
			children = (
				CC1896032C6809A6005D0E94 /* WarframeInfoHub */,
				CC1896172C6809A7005D0E94 /* WarframeInfoHubTests */,
				CC1896212C6809A7005D0E94 /* WarframeInfoHubUITests */,
				CC1896022C6809A6005D0E94 /* Products */,
			);
			sourceTree = "<group>";
		};
		CC1896022C6809A6005D0E94 /* Products */ = {
			isa = PBXGroup;
			children = (
				CC1896012C6809A6005D0E94 /* WarframeInfoHub.app */,
				CC1896142C6809A7005D0E94 /* WarframeInfoHubTests.xctest */,
				CC18961E2C6809A7005D0E94 /* WarframeInfoHubUITests.xctest */,
			);
			name = Products;
			sourceTree = "<group>";
		};
/* End PBXGroup section */

/* Begin PBXNativeTarget section */
		CC1896002C6809A6005D0E94 /* WarframeInfoHub */ = {
			isa = PBXNativeTarget;
			buildConfigurationList = CC1896282C6809A7005D0E94 /* Build configuration list for PBXNativeTarget "WarframeInfoHub" */;
			buildPhases = (
				CC1895FD2C6809A6005D0E94 /* Sources */,
				CC1895FE2C6809A6005D0E94 /* Frameworks */,
				CC1895FF2C6809A6005D0E94 /* Resources */,
			);
			buildRules = (
			);
			dependencies = (
			);
			fileSystemSynchronizedGroups = (
				CC1896032C6809A6005D0E94 /* WarframeInfoHub */,
			);
			name = WarframeInfoHub;
			packageProductDependencies = (
			);
			productName = WarframeInfoHub;
			productReference = CC1896012C6809A6005D0E94 /* WarframeInfoHub.app */;
			productType = "com.apple.product-type.application";
		};
		CC1896132C6809A7005D0E94 /* WarframeInfoHubTests */ = {
			isa = PBXNativeTarget;
			buildConfigurationList = CC18962B2C6809A7005D0E94 /* Build configuration list for PBXNativeTarget "WarframeInfoHubTests" */;
			buildPhases = (
				CC1896102C6809A7005D0E94 /* Sources */,
				CC1896112C6809A7005D0E94 /* Frameworks */,
				CC1896122C6809A7005D0E94 /* Resources */,
			);
			buildRules = (
			);
			dependencies = (
				CC1896162C6809A7005D0E94 /* PBXTargetDependency */,
			);
			fileSystemSynchronizedGroups = (
				CC1896172C6809A7005D0E94 /* WarframeInfoHubTests */,
			);
			name = WarframeInfoHubTests;
			packageProductDependencies = (
			);
			productName = WarframeInfoHubTests;
			productReference = CC1896142C6809A7005D0E94 /* WarframeInfoHubTests.xctest */;
			productType = "com.apple.product-type.bundle.unit-test";
		};
		CC18961D2C6809A7005D0E94 /* WarframeInfoHubUITests */ = {
			isa = PBXNativeTarget;
			buildConfigurationList = CC18962E2C6809A7005D0E94 /* Build configuration list for PBXNativeTarget "WarframeInfoHubUITests" */;
			buildPhases = (
				CC18961A2C6809A7005D0E94 /* Sources */,
				CC18961B2C6809A7005D0E94 /* Frameworks */,
				CC18961C2C6809A7005D0E94 /* Resources */,
			);
			buildRules = (
			);
			dependencies = (
				CC1896202C6809A7005D0E94 /* PBXTargetDependency */,
			);
			fileSystemSynchronizedGroups = (
				CC1896212C6809A7005D0E94 /* WarframeInfoHubUITests */,
			);
			name = WarframeInfoHubUITests;
			packageProductDependencies = (
			);
			productName = WarframeInfoHubUITests;
			productReference = CC18961E2C6809A7005D0E94 /* WarframeInfoHubUITests.xctest */;
			productType = "com.apple.product-type.bundle.ui-testing";
		};
/* End PBXNativeTarget section */

/* Begin PBXProject section */
		CC1895F92C6809A6005D0E94 /* Project object */ = {
			isa = PBXProject;
			attributes = {
				BuildIndependentTargetsInParallel = 1;
				LastSwiftUpdateCheck = 1600;
				LastUpgradeCheck = 1600;
				TargetAttributes = {
					CC1896002C6809A6005D0E94 = {
						CreatedOnToolsVersion = 16.0;
					};
					CC1896132C6809A7005D0E94 = {
						CreatedOnToolsVersion = 16.0;
						TestTargetID = CC1896002C6809A6005D0E94;
					};
					CC18961D2C6809A7005D0E94 = {
						CreatedOnToolsVersion = 16.0;
						TestTargetID = CC1896002C6809A6005D0E94;
					};
				};
			};
			buildConfigurationList = CC1895FC2C6809A6005D0E94 /* Build configuration list for PBXProject "WarframeInfoHub" */;
			compatibilityVersion = "Xcode 15.0";
			developmentRegion = en;
			hasScannedForEncodings = 0;
			knownRegions = (
				en,
				Base,
			);
			mainGroup = CC1895F82C6809A6005D0E94;
			productRefGroup = CC1896022C6809A6005D0E94 /* Products */;
			projectDirPath = "";
			projectRoot = "";
			targets = (
				CC1896002C6809A6005D0E94 /* WarframeInfoHub */,
				CC1896132C6809A7005D0E94 /* WarframeInfoHubTests */,
				CC18961D2C6809A7005D0E94 /* WarframeInfoHubUITests */,
			);
		};
/* End PBXProject section */

/* Begin PBXResourcesBuildPhase section */
		CC1895FF2C6809A6005D0E94 /* Resources */ = {
			isa = PBXResourcesBuildPhase;
			buildActionMask = 2147483647;
			files = (
			);
			runOnlyForDeploymentPostprocessing = 0;
		};
		CC1896122C6809A7005D0E94 /* Resources */ = {
			isa = PBXResourcesBuildPhase;
			buildActionMask = 2147483647;
			files = (
			);
			runOnlyForDeploymentPostprocessing = 0;
		};
		CC18961C2C6809A7005D0E94 /* Resources */ = {
			isa = PBXResourcesBuildPhase;
			buildActionMask = 2147483647;
			files = (
			);
			runOnlyForDeploymentPostprocessing = 0;
		};
/* End PBXResourcesBuildPhase section */

/* Begin PBXSourcesBuildPhase section */
		CC1895FD2C6809A6005D0E94 /* Sources */ = {
			isa = PBXSourcesBuildPhase;
			buildActionMask = 2147483647;
			files = (
			);
			runOnlyForDeploymentPostprocessing = 0;
		};
		CC1896102C6809A7005D0E94 /* Sources */ = {
			isa = PBXSourcesBuildPhase;
			buildActionMask = 2147483647;
			files = (
			);
			runOnlyForDeploymentPostprocessing = 0;
		};
		CC18961A2C6809A7005D0E94 /* Sources */ = {
			isa = PBXSourcesBuildPhase;
			buildActionMask = 2147483647;
			files = (
			);
			runOnlyForDeploymentPostprocessing = 0;
		};
/* End PBXSourcesBuildPhase section */

/* Begin PBXTargetDependency section */
		CC1896162C6809A7005D0E94 /* PBXTargetDependency */ = {
			isa = PBXTargetDependency;
			target = CC1896002C6809A6005D0E94 /* WarframeInfoHub */;
			targetProxy = CC1896152C6809A7005D0E94 /* PBXContainerItemProxy */;
		};
		CC1896202C6809A7005D0E94 /* PBXTargetDependency */ = {
			isa = PBXTargetDependency;
			target = CC1896002C6809A6005D0E94 /* WarframeInfoHub */;
			targetProxy = CC18961F2C6809A7005D0E94 /* PBXContainerItemProxy */;
		};
/* End PBXTargetDependency section */

/* Begin XCBuildConfiguration section */
		CC1896262C6809A7005D0E94 /* Debug */ = {
			isa = XCBuildConfiguration;
			buildSettings = {
				ALWAYS_SEARCH_USER_PATHS = NO;
				ASSETCATALOG_COMPILER_GENERATE_SWIFT_ASSET_SYMBOL_EXTENSIONS = YES;
				CLANG_ANALYZER_NONNULL = YES;
				CLANG_ANALYZER_NUMBER_OBJECT_CONVERSION = YES_AGGRESSIVE;
				CLANG_CXX_LANGUAGE_STANDARD = "gnu++20";
				CLANG_ENABLE_MODULES = YES;
				CLANG_ENABLE_OBJC_ARC = YES;
				CLANG_ENABLE_OBJC_WEAK = YES;
				CLANG_WARN_BLOCK_CAPTURE_AUTORELEASING = YES;
				CLANG_WARN_BOOL_CONVERSION = YES;
				CLANG_WARN_COMMA = YES;
				CLANG_WARN_CONSTANT_CONVERSION = YES;
				CLANG_WARN_DEPRECATED_OBJC_IMPLEMENTATIONS = YES;
				CLANG_WARN_DIRECT_OBJC_ISA_USAGE = YES_ERROR;
				CLANG_WARN_DOCUMENTATION_COMMENTS = YES;
				CLANG_WARN_EMPTY_BODY = YES;
				CLANG_WARN_ENUM_CONVERSION = YES;
				CLANG_WARN_INFINITE_RECURSION = YES;
				CLANG_WARN_INT_CONVERSION = YES;
				CLANG_WARN_NON_LITERAL_NULL_CONVERSION = YES;
				CLANG_WARN_OBJC_IMPLICIT_RETAIN_SELF = YES;
				CLANG_WARN_OBJC_LITERAL_CONVERSION = YES;
				CLANG_WARN_OBJC_ROOT_CLASS = YES_ERROR;
				CLANG_WARN_QUOTED_INCLUDE_IN_FRAMEWORK_HEADER = YES;
				CLANG_WARN_RANGE_LOOP_ANALYSIS = YES;
				CLANG_WARN_STRICT_PROTOTYPES = YES;
				CLANG_WARN_SUSPICIOUS_MOVE = YES;
				CLANG_WARN_UNGUARDED_AVAILABILITY = YES_AGGRESSIVE;
				CLANG_WARN_UNREACHABLE_CODE = YES;
				CLANG_WARN__DUPLICATE_METHOD_MATCH = YES;
				COPY_PHASE_STRIP = NO;
				DEAD_CODE_STRIPPING = YES;
				DEBUG_INFORMATION_FORMAT = dwarf;
				ENABLE_STRICT_OBJC_MSGSEND = YES;
				ENABLE_TESTABILITY = YES;
				ENABLE_USER_SCRIPT_SANDBOXING = YES;
				GCC_C_LANGUAGE_STANDARD = gnu17;
				GCC_DYNAMIC_NO_PIC = NO;
				GCC_NO_COMMON_BLOCKS = YES;
				GCC_OPTIMIZATION_LEVEL = 0;
				GCC_PREPROCESSOR_DEFINITIONS = (
					"DEBUG=1",
					"$(inherited)",
				);
				GCC_WARN_64_TO_32_BIT_CONVERSION = YES;
				GCC_WARN_ABOUT_RETURN_TYPE = YES_ERROR;
				GCC_WARN_UNDECLARED_SELECTOR = YES;
				GCC_WARN_UNINITIALIZED_AUTOS = YES_AGGRESSIVE;
				GCC_WARN_UNUSED_FUNCTION = YES;
				GCC_WARN_UNUSED_VARIABLE = YES;
				LOCALIZATION_PREFERS_STRING_CATALOGS = YES;
				MACOSX_DEPLOYMENT_TARGET = 15.0;
				MTL_ENABLE_DEBUG_INFO = INCLUDE_SOURCE;
				MTL_FAST_MATH = YES;
				ONLY_ACTIVE_ARCH = YES;
				SDKROOT = macosx;
				SWIFT_ACTIVE_COMPILATION_CONDITIONS = "DEBUG $(inherited)";
				SWIFT_OPTIMIZATION_LEVEL = "-Onone";
			};
			name = Debug;
		};
		CC1896272C6809A7005D0E94 /* Release */ = {
			isa = XCBuildConfiguration;
			buildSettings = {
				ALWAYS_SEARCH_USER_PATHS = NO;
				ASSETCATALOG_COMPILER_GENERATE_SWIFT_ASSET_SYMBOL_EXTENSIONS = YES;
				CLANG_ANALYZER_NONNULL = YES;
				CLANG_ANALYZER_NUMBER_OBJECT_CONVERSION = YES_AGGRESSIVE;
				CLANG_CXX_LANGUAGE_STANDARD = "gnu++20";
				CLANG_ENABLE_MODULES = YES;
				CLANG_ENABLE_OBJC_ARC = YES;
				CLANG_ENABLE_OBJC_WEAK = YES;
				CLANG_WARN_BLOCK_CAPTURE_AUTORELEASING = YES;
				CLANG_WARN_BOOL_CONVERSION = YES;
				CLANG_WARN_COMMA = YES;
				CLANG_WARN_CONSTANT_CONVERSION = YES;
				CLANG_WARN_DEPRECATED_OBJC_IMPLEMENTATIONS = YES;
				CLANG_WARN_DIRECT_OBJC_ISA_USAGE = YES_ERROR;
				CLANG_WARN_DOCUMENTATION_COMMENTS = YES;
				CLANG_WARN_EMPTY_BODY = YES;
				CLANG_WARN_ENUM_CONVERSION = YES;
				CLANG_WARN_INFINITE_RECURSION = YES;
				CLANG_WARN_INT_CONVERSION = YES;
				CLANG_WARN_NON_LITERAL_NULL_CONVERSION = YES;
				CLANG_WARN_OBJC_IMPLICIT_RETAIN_SELF = YES;
				CLANG_WARN_OBJC_LITERAL_CONVERSION = YES;
				CLANG_WARN_OBJC_ROOT_CLASS = YES_ERROR;
				CLANG_WARN_QUOTED_INCLUDE_IN_FRAMEWORK_HEADER = YES;
				CLANG_WARN_RANGE_LOOP_ANALYSIS = YES;
				CLANG_WARN_STRICT_PROTOTYPES = YES;
				CLANG_WARN_SUSPICIOUS_MOVE = YES;
				CLANG_WARN_UNGUARDED_AVAILABILITY = YES_AGGRESSIVE;
				CLANG_WARN_UNREACHABLE_CODE = YES;
				CLANG_WARN__DUPLICATE_METHOD_MATCH = YES;
				COPY_PHASE_STRIP = NO;
				DEAD_CODE_STRIPPING = YES;
				DEBUG_INFORMATION_FORMAT = "dwarf-with-dsym";
				ENABLE_NS_ASSERTIONS = NO;
				ENABLE_STRICT_OBJC_MSGSEND = YES;
				ENABLE_USER_SCRIPT_SANDBOXING = YES;
				GCC_C_LANGUAGE_STANDARD = gnu17;
				GCC_NO_COMMON_BLOCKS = YES;
				GCC_WARN_64_TO_32_BIT_CONVERSION = YES;
				GCC_WARN_ABOUT_RETURN_TYPE = YES_ERROR;
				GCC_WARN_UNDECLARED_SELECTOR = YES;
				GCC_WARN_UNINITIALIZED_AUTOS = YES_AGGRESSIVE;
				GCC_WARN_UNUSED_FUNCTION = YES;
				GCC_WARN_UNUSED_VARIABLE = YES;
				LOCALIZATION_PREFERS_STRING_CATALOGS = YES;
				MACOSX_DEPLOYMENT_TARGET = 15.0;
				MTL_ENABLE_DEBUG_INFO = NO;
				MTL_FAST_MATH = YES;
				SDKROOT = macosx;
				SWIFT_COMPILATION_MODE = wholemodule;
			};
			name = Release;
		};
		CC1896292C6809A7005D0E94 /* Debug */ = {
			isa = XCBuildConfiguration;
			buildSettings = {
				ASSETCATALOG_COMPILER_APPICON_NAME = AppIcon;
				ASSETCATALOG_COMPILER_GLOBAL_ACCENT_COLOR_NAME = AccentColor;
				ASSETCATALOG_COMPILER_INCLUDE_ALL_APPICON_ASSETS = NO;
				CODE_SIGN_ENTITLEMENTS = WarframeInfoHub/WarframeInfoHub.entitlements;
				CODE_SIGN_STYLE = Automatic;
				COMBINE_HIDPI_IMAGES = YES;
				CURRENT_PROJECT_VERSION = 1;
				DEAD_CODE_STRIPPING = YES;
				DEVELOPMENT_ASSET_PATHS = "\"WarframeInfoHub/Preview Content\"";
				DEVELOPMENT_TEAM = RU2H4P22C7;
				ENABLE_HARDENED_RUNTIME = YES;
				ENABLE_PREVIEWS = YES;
				GENERATE_INFOPLIST_FILE = YES;
				INFOPLIST_KEY_NSHumanReadableCopyright = "";
				IPHONEOS_DEPLOYMENT_TARGET = 17.0;
				LD_RUNPATH_SEARCH_PATHS = (
					"$(inherited)",
					"@executable_path/../Frameworks",
				);
				MACOSX_DEPLOYMENT_TARGET = 14.0;
				MARKETING_VERSION = 1.0;
				PRODUCT_BUNDLE_IDENTIFIER = Lekszikov.WarframeInfoHub;
				PRODUCT_NAME = "$(TARGET_NAME)";
				SUPPORTED_PLATFORMS = macosx;
				SUPPORTS_MACCATALYST = NO;
				SWIFT_EMIT_LOC_STRINGS = YES;
				SWIFT_VERSION = 5.0;
			};
			name = Debug;
		};
		CC18962A2C6809A7005D0E94 /* Release */ = {
			isa = XCBuildConfiguration;
			buildSettings = {
				ASSETCATALOG_COMPILER_APPICON_NAME = AppIcon;
				ASSETCATALOG_COMPILER_GLOBAL_ACCENT_COLOR_NAME = AccentColor;
				ASSETCATALOG_COMPILER_INCLUDE_ALL_APPICON_ASSETS = NO;
				CODE_SIGN_ENTITLEMENTS = WarframeInfoHub/WarframeInfoHub.entitlements;
				CODE_SIGN_STYLE = Automatic;
				COMBINE_HIDPI_IMAGES = YES;
				CURRENT_PROJECT_VERSION = 1;
				DEAD_CODE_STRIPPING = YES;
				DEVELOPMENT_ASSET_PATHS = "\"WarframeInfoHub/Preview Content\"";
				DEVELOPMENT_TEAM = RU2H4P22C7;
				ENABLE_HARDENED_RUNTIME = YES;
				ENABLE_PREVIEWS = YES;
				GENERATE_INFOPLIST_FILE = YES;
				INFOPLIST_KEY_NSHumanReadableCopyright = "";
				IPHONEOS_DEPLOYMENT_TARGET = 17.0;
				LD_RUNPATH_SEARCH_PATHS = (
					"$(inherited)",
					"@executable_path/../Frameworks",
				);
				MACOSX_DEPLOYMENT_TARGET = 14.0;
				MARKETING_VERSION = 1.0;
				PRODUCT_BUNDLE_IDENTIFIER = Lekszikov.WarframeInfoHub;
				PRODUCT_NAME = "$(TARGET_NAME)";
				SUPPORTED_PLATFORMS = macosx;
				SUPPORTS_MACCATALYST = NO;
				SWIFT_EMIT_LOC_STRINGS = YES;
				SWIFT_VERSION = 5.0;
			};
			name = Release;
		};
		CC18962C2C6809A7005D0E94 /* Debug */ = {
			isa = XCBuildConfiguration;
			buildSettings = {
				BUNDLE_LOADER = "$(TEST_HOST)";
				CODE_SIGN_STYLE = Automatic;
				CURRENT_PROJECT_VERSION = 1;
				DEAD_CODE_STRIPPING = YES;
				DEVELOPMENT_TEAM = RU2H4P22C7;
				GENERATE_INFOPLIST_FILE = YES;
				MACOSX_DEPLOYMENT_TARGET = 14.0;
				MARKETING_VERSION = 1.0;
				PRODUCT_BUNDLE_IDENTIFIER = Lekszikov.WarframeInfoHubTests;
				PRODUCT_NAME = "$(TARGET_NAME)";
				SWIFT_EMIT_LOC_STRINGS = NO;
				SWIFT_VERSION = 5.0;
				TEST_HOST = "$(BUILT_PRODUCTS_DIR)/WarframeInfoHub.app/$(BUNDLE_EXECUTABLE_FOLDER_PATH)/WarframeInfoHub";
			};
			name = Debug;
		};
		CC18962D2C6809A7005D0E94 /* Release */ = {
			isa = XCBuildConfiguration;
			buildSettings = {
				BUNDLE_LOADER = "$(TEST_HOST)";
				CODE_SIGN_STYLE = Automatic;
				CURRENT_PROJECT_VERSION = 1;
				DEAD_CODE_STRIPPING = YES;
				DEVELOPMENT_TEAM = RU2H4P22C7;
				GENERATE_INFOPLIST_FILE = YES;
				MACOSX_DEPLOYMENT_TARGET = 14.0;
				MARKETING_VERSION = 1.0;
				PRODUCT_BUNDLE_IDENTIFIER = Lekszikov.WarframeInfoHubTests;
				PRODUCT_NAME = "$(TARGET_NAME)";
				SWIFT_EMIT_LOC_STRINGS = NO;
				SWIFT_VERSION = 5.0;
				TEST_HOST = "$(BUILT_PRODUCTS_DIR)/WarframeInfoHub.app/$(BUNDLE_EXECUTABLE_FOLDER_PATH)/WarframeInfoHub";
			};
			name = Release;
		};
		CC18962F2C6809A7005D0E94 /* Debug */ = {
			isa = XCBuildConfiguration;
			buildSettings = {
				CODE_SIGN_STYLE = Automatic;
				CURRENT_PROJECT_VERSION = 1;
				DEAD_CODE_STRIPPING = YES;
				DEVELOPMENT_TEAM = RU2H4P22C7;
				GENERATE_INFOPLIST_FILE = YES;
				MARKETING_VERSION = 1.0;
				PRODUCT_BUNDLE_IDENTIFIER = Lekszikov.WarframeInfoHubUITests;
				PRODUCT_NAME = "$(TARGET_NAME)";
				SWIFT_EMIT_LOC_STRINGS = NO;
				SWIFT_VERSION = 5.0;
				TEST_TARGET_NAME = WarframeInfoHub;
			};
			name = Debug;
		};
		CC1896302C6809A7005D0E94 /* Release */ = {
			isa = XCBuildConfiguration;
			buildSettings = {
				CODE_SIGN_STYLE = Automatic;
				CURRENT_PROJECT_VERSION = 1;
				DEAD_CODE_STRIPPING = YES;
				DEVELOPMENT_TEAM = RU2H4P22C7;
				GENERATE_INFOPLIST_FILE = YES;
				MARKETING_VERSION = 1.0;
				PRODUCT_BUNDLE_IDENTIFIER = Lekszikov.WarframeInfoHubUITests;
				PRODUCT_NAME = "$(TARGET_NAME)";
				SWIFT_EMIT_LOC_STRINGS = NO;
				SWIFT_VERSION = 5.0;
				TEST_TARGET_NAME = WarframeInfoHub;
			};
			name = Release;
		};
/* End XCBuildConfiguration section */

/* Begin XCConfigurationList section */
		CC1895FC2C6809A6005D0E94 /* Build configuration list for PBXProject "WarframeInfoHub" */ = {
			isa = XCConfigurationList;
			buildConfigurations = (
				CC1896262C6809A7005D0E94 /* Debug */,
				CC1896272C6809A7005D0E94 /* Release */,
			);
			defaultConfigurationIsVisible = 0;
			defaultConfigurationName = Release;
		};
		CC1896282C6809A7005D0E94 /* Build configuration list for PBXNativeTarget "WarframeInfoHub" */ = {
			isa = XCConfigurationList;
			buildConfigurations = (
				CC1896292C6809A7005D0E94 /* Debug */,
				CC18962A2C6809A7005D0E94 /* Release */,
			);
			defaultConfigurationIsVisible = 0;
			defaultConfigurationName = Release;
		};
		CC18962B2C6809A7005D0E94 /* Build configuration list for PBXNativeTarget "WarframeInfoHubTests" */ = {
			isa = XCConfigurationList;
			buildConfigurations = (
				CC18962C2C6809A7005D0E94 /* Debug */,
				CC18962D2C6809A7005D0E94 /* Release */,
			);
			defaultConfigurationIsVisible = 0;
			defaultConfigurationName = Release;
		};
		CC18962E2C6809A7005D0E94 /* Build configuration list for PBXNativeTarget "WarframeInfoHubUITests" */ = {
			isa = XCConfigurationList;
			buildConfigurations = (
				CC18962F2C6809A7005D0E94 /* Debug */,
				CC1896302C6809A7005D0E94 /* Release */,
			);
			defaultConfigurationIsVisible = 0;
			defaultConfigurationName = Release;
		};
/* End XCConfigurationList section */
	};
	rootObject = CC1895F92C6809A6005D0E94 /* Project object */;
}
